{
  "version": 4,
  "terraform_version": "1.9.8",
  "serial": 11,
  "lineage": "6ced063b-e9fc-ac33-cdbb-72fe2beb9fd4",
  "outputs": {},
  "resources": [
    {
      "mode": "managed",
      "type": "docker_container",
      "name": "bender",
      "provider": "provider[\"registry.terraform.io/kreuzwerker/docker\"]",
      "instances": [
        {
          "schema_version": 2,
          "attributes": {
            "attach": false,
            "bridge": "",
            "capabilities": [],
            "command": [
              "/usr/sbin/sshd",
              "-D"
            ],
            "container_logs": null,
            "cpu_set": "",
            "cpu_shares": 0,
            "destroy_grace_seconds": null,
            "devices": [],
            "dns": null,
            "dns_opts": null,
            "dns_search": null,
            "domainname": "",
            "entrypoint": [],
            "env": [],
            "exit_code": null,
            "gateway": "10.10.2.1",
            "group_add": null,
            "healthcheck": null,
            "host": [],
            "hostname": "bender",
            "id": "411f3c95ea6318e5937c3dc69dffaed29a67b3b0f3eb941cd233b02be16b8f77",
            "image": "sha256:3a6366661d4916889ff1780daf3706250dde3b905fe3fd0371e56b1d7da0e860",
            "init": false,
            "ip_address": "10.10.2.3",
            "ip_prefix_length": 24,
            "ipc_mode": "private",
            "labels": [],
            "links": null,
            "log_driver": "json-file",
            "log_opts": null,
            "logs": false,
            "max_retry_count": 0,
            "memory": 0,
            "memory_swap": 0,
            "mounts": [],
            "must_run": true,
            "name": "bender",
            "network_alias": null,
            "network_data": [
              {
                "gateway": "10.10.2.1",
                "global_ipv6_address": "",
                "global_ipv6_prefix_length": 0,
                "ip_address": "10.10.2.3",
                "ip_prefix_length": 24,
                "ipv6_gateway": "",
                "network_name": "ansible-net"
              }
            ],
            "network_mode": "default",
            "networks": null,
            "networks_advanced": [
              {
                "aliases": [
                  "ansible-net"
                ],
                "ipv4_address": "10.10.2.3",
                "ipv6_address": "",
                "name": "ansible-net"
              }
            ],
            "pid_mode": "",
            "ports": [],
            "privileged": false,
            "publish_all_ports": false,
            "read_only": false,
            "remove_volumes": true,
            "restart": "no",
            "rm": false,
            "security_opts": [],
            "shm_size": 64,
            "start": true,
            "stdin_open": false,
            "sysctls": null,
            "tmpfs": null,
            "tty": false,
            "ulimit": [],
            "upload": [],
            "user": "",
            "userns_mode": "",
            "volumes": [],
            "working_dir": ""
          },
          "sensitive_attributes": [],
          "private": "eyJzY2hlbWFfdmVyc2lvbiI6IjIifQ==",
          "dependencies": [
            "docker_image.bender",
            "docker_network.ansible-net"
          ]
        }
      ]
    },
    {
      "mode": "managed",
      "type": "docker_container",
      "name": "fry",
      "provider": "provider[\"registry.terraform.io/kreuzwerker/docker\"]",
      "instances": [
        {
          "schema_version": 2,
          "attributes": {
            "attach": false,
            "bridge": "",
            "capabilities": [],
            "command": [
              "/usr/sbin/sshd",
              "-D"
            ],
            "container_logs": null,
            "cpu_set": "",
            "cpu_shares": 0,
            "destroy_grace_seconds": null,
            "devices": [],
            "dns": null,
            "dns_opts": null,
            "dns_search": null,
            "domainname": "",
            "entrypoint": [],
            "env": [],
            "exit_code": null,
            "gateway": "10.10.2.1",
            "group_add": null,
            "healthcheck": null,
            "host": [],
            "hostname": "fry",
            "id": "94f78ffea6cf7cca883c5df2c4d8221b29f0682e1d78662dbb328a9237859554",
            "image": "sha256:3a6366661d4916889ff1780daf3706250dde3b905fe3fd0371e56b1d7da0e860",
            "init": false,
            "ip_address": "10.10.2.4",
            "ip_prefix_length": 24,
            "ipc_mode": "private",
            "labels": [],
            "links": null,
            "log_driver": "json-file",
            "log_opts": null,
            "logs": false,
            "max_retry_count": 0,
            "memory": 0,
            "memory_swap": 0,
            "mounts": [],
            "must_run": true,
            "name": "fry",
            "network_alias": null,
            "network_data": [
              {
                "gateway": "10.10.2.1",
                "global_ipv6_address": "",
                "global_ipv6_prefix_length": 0,
                "ip_address": "10.10.2.4",
                "ip_prefix_length": 24,
                "ipv6_gateway": "",
                "network_name": "ansible-net"
              }
            ],
            "network_mode": "default",
            "networks": null,
            "networks_advanced": [
              {
                "aliases": [
                  "ansible-net"
                ],
                "ipv4_address": "10.10.2.4",
                "ipv6_address": "",
                "name": "ansible-net"
              }
            ],
            "pid_mode": "",
            "ports": [],
            "privileged": false,
            "publish_all_ports": false,
            "read_only": false,
            "remove_volumes": true,
            "restart": "no",
            "rm": false,
            "security_opts": [],
            "shm_size": 64,
            "start": true,
            "stdin_open": false,
            "sysctls": null,
            "tmpfs": null,
            "tty": false,
            "ulimit": [],
            "upload": [],
            "user": "",
            "userns_mode": "",
            "volumes": [],
            "working_dir": ""
          },
          "sensitive_attributes": [],
          "private": "eyJzY2hlbWFfdmVyc2lvbiI6IjIifQ==",
          "dependencies": [
            "docker_image.fry",
            "docker_network.ansible-net"
          ]
        }
      ]
    },
    {
      "mode": "managed",
      "type": "docker_container",
      "name": "zoidberg",
      "provider": "provider[\"registry.terraform.io/kreuzwerker/docker\"]",
      "instances": [
        {
          "schema_version": 2,
          "attributes": {
            "attach": false,
            "bridge": "",
            "capabilities": [],
            "command": [
              "/usr/sbin/sshd",
              "-D"
            ],
            "container_logs": null,
            "cpu_set": "",
            "cpu_shares": 0,
            "destroy_grace_seconds": null,
            "devices": [],
            "dns": null,
            "dns_opts": null,
            "dns_search": null,
            "domainname": "",
            "entrypoint": [],
            "env": [],
            "exit_code": null,
            "gateway": "10.10.2.1",
            "group_add": null,
            "healthcheck": null,
            "host": [],
            "hostname": "zoidberg",
            "id": "d74f8c9c2b0aea4fee89ba8ce506fa56d7f8af90bb278511b0861d33927fa7bc",
            "image": "sha256:3a6366661d4916889ff1780daf3706250dde3b905fe3fd0371e56b1d7da0e860",
            "init": false,
            "ip_address": "10.10.2.5",
            "ip_prefix_length": 24,
            "ipc_mode": "private",
            "labels": [],
            "links": null,
            "log_driver": "json-file",
            "log_opts": null,
            "logs": false,
            "max_retry_count": 0,
            "memory": 0,
            "memory_swap": 0,
            "mounts": [],
            "must_run": true,
            "name": "zoidberg",
            "network_alias": null,
            "network_data": [
              {
                "gateway": "10.10.2.1",
                "global_ipv6_address": "",
                "global_ipv6_prefix_length": 0,
                "ip_address": "10.10.2.5",
                "ip_prefix_length": 24,
                "ipv6_gateway": "",
                "network_name": "ansible-net"
              }
            ],
            "network_mode": "default",
            "networks": null,
            "networks_advanced": [
              {
                "aliases": [
                  "ansible-net"
                ],
                "ipv4_address": "10.10.2.5",
                "ipv6_address": "",
                "name": "ansible-net"
              }
            ],
            "pid_mode": "",
            "ports": [],
            "privileged": false,
            "publish_all_ports": false,
            "read_only": false,
            "remove_volumes": true,
            "restart": "no",
            "rm": false,
            "security_opts": [],
            "shm_size": 64,
            "start": true,
            "stdin_open": false,
            "sysctls": null,
            "tmpfs": null,
            "tty": false,
            "ulimit": [],
            "upload": [],
            "user": "",
            "userns_mode": "",
            "volumes": [],
            "working_dir": ""
          },
          "sensitive_attributes": [],
          "private": "eyJzY2hlbWFfdmVyc2lvbiI6IjIifQ==",
          "dependencies": [
            "docker_image.zoidberg",
            "docker_network.ansible-net"
          ]
        }
      ]
    },
    {
      "mode": "managed",
      "type": "docker_image",
      "name": "bender",
      "provider": "provider[\"registry.terraform.io/kreuzwerker/docker\"]",
      "instances": [
        {
          "schema_version": 0,
          "attributes": {
            "build": [
              {
                "build_arg": {
                  "user": "bender"
                },
                "dockerfile": "Dockerfile",
                "force_remove": null,
                "label": null,
                "no_cache": null,
                "path": "/home/student/mycode/ansible-tf/",
                "remove": true,
                "tag": [
                  "ssh-bender"
                ],
                "target": ""
              }
            ],
            "force_remove": null,
            "id": "sha256:3a6366661d4916889ff1780daf3706250dde3b905fe3fd0371e56b1d7da0e860ssh-bender:latest",
            "keep_locally": true,
            "latest": "sha256:3a6366661d4916889ff1780daf3706250dde3b905fe3fd0371e56b1d7da0e860",
            "name": "ssh-bender:latest",
            "output": null,
            "pull_trigger": null,
            "pull_triggers": null,
            "repo_digest": ""
          },
          "sensitive_attributes": [],
          "private": "bnVsbA=="
        }
      ]
    },
    {
      "mode": "managed",
      "type": "docker_image",
      "name": "fry",
      "provider": "provider[\"registry.terraform.io/kreuzwerker/docker\"]",
      "instances": [
        {
          "schema_version": 0,
          "attributes": {
            "build": [
              {
                "build_arg": {
                  "user": "fry"
                },
                "dockerfile": "Dockerfile",
                "force_remove": false,
                "label": {},
                "no_cache": false,
                "path": "/home/student/mycode/ansible-tf/",
                "remove": true,
                "tag": [
                  "ssh-fry"
                ],
                "target": ""
              }
            ],
            "force_remove": null,
            "id": "sha256:3a6366661d4916889ff1780daf3706250dde3b905fe3fd0371e56b1d7da0e860ssh-fry:latest",
            "keep_locally": true,
            "latest": "sha256:3a6366661d4916889ff1780daf3706250dde3b905fe3fd0371e56b1d7da0e860",
            "name": "ssh-fry:latest",
            "output": null,
            "pull_trigger": null,
            "pull_triggers": null,
            "repo_digest": ""
          },
          "sensitive_attributes": [],
          "private": "bnVsbA=="
        }
      ]
    },
    {
      "mode": "managed",
      "type": "docker_image",
      "name": "zoidberg",
      "provider": "provider[\"registry.terraform.io/kreuzwerker/docker\"]",
      "instances": [
        {
          "schema_version": 0,
          "attributes": {
            "build": [
              {
                "build_arg": {
                  "user": "zoidberg"
                },
                "dockerfile": "Dockerfile",
                "force_remove": null,
                "label": null,
                "no_cache": null,
                "path": "/home/student/mycode/ansible-tf/",
                "remove": true,
                "tag": [
                  "ssh-zoidberg"
                ],
                "target": ""
              }
            ],
            "force_remove": null,
            "id": "sha256:3a6366661d4916889ff1780daf3706250dde3b905fe3fd0371e56b1d7da0e860ssh-zoidberg:latest",
            "keep_locally": true,
            "latest": "sha256:3a6366661d4916889ff1780daf3706250dde3b905fe3fd0371e56b1d7da0e860",
            "name": "ssh-zoidberg:latest",
            "output": null,
            "pull_trigger": null,
            "pull_triggers": null,
            "repo_digest": ""
          },
          "sensitive_attributes": [],
          "private": "bnVsbA=="
        }
      ]
    },
    {
      "mode": "managed",
      "type": "docker_network",
      "name": "ansible-net",
      "provider": "provider[\"registry.terraform.io/kreuzwerker/docker\"]",
      "instances": [
        {
          "schema_version": 1,
          "attributes": {
            "attachable": false,
            "check_duplicate": null,
            "driver": "bridge",
            "id": "9dd5f4314b5331d75d119a3810749907d517e2f9145d1c6e76f844ad1d39ec21",
            "ingress": false,
            "internal": false,
            "ipam_config": [
              {
                "aux_address": {},
                "gateway": "",
                "ip_range": "",
                "subnet": "10.10.2.0/24"
              }
            ],
            "ipam_driver": "default",
            "ipv6": false,
            "labels": [],
            "name": "ansible-net",
            "options": {},
            "scope": "local"
          },
          "sensitive_attributes": [],
          "private": "eyJzY2hlbWFfdmVyc2lvbiI6IjEifQ=="
        }
      ]
    }
  ],
  "check_results": null
}
